# This file is automatically @generated by Cargo.
# It is not intended for manual editing.
version = 4

[[package]]
name = "majority-element"
version = "0.1.0"

[[package]]
name = "merge-sorted-array"
version = "0.1.0"

[[package]]
name = "playground"
version = "0.1.0"

[[package]]
name = "remove-duplicates-from-sorted-array"
version = "0.1.0"

[[package]]
name = "remove-duplicates-from-sorted-array-ii"
version = "0.1.0"

[[package]]
name = "remove-element"
version = "0.1.0"

[[package]]
name = "rotate-array"
version = "0.1.0"
