# This file is automatically @generated by Cargo.
# It is not intended for manual editing.
version = 4

[[package]]
name = "best-time-to-buy-and-sell-stock"
version = "0.1.0"

[[package]]
name = "best-time-to-buy-and-sell-stock-ii"
version = "0.1.0"

[[package]]
name = "candy"
version = "0.1.0"

[[package]]
name = "container-with-most-water"
version = "0.1.0"

[[package]]
name = "gas_station"
version = "0.1.0"

[[package]]
name = "is-subsequence"
version = "0.1.0"

[[package]]
name = "jump-game"
version = "0.1.0"

[[package]]
name = "jump-game-ii"
version = "0.1.0"

[[package]]
name = "length_of_last_word"
version = "0.1.0"

[[package]]
name = "longest_common_prefix"
version = "0.1.0"

[[package]]
name = "majority-element"
version = "0.1.0"

[[package]]
name = "merge-sorted-array"
version = "0.1.0"

[[package]]
name = "playground"
version = "0.1.0"

[[package]]
name = "product_of_array_except_self"
version = "0.1.0"

[[package]]
name = "remove-duplicates-from-sorted-array"
version = "0.1.0"

[[package]]
name = "remove-duplicates-from-sorted-array-ii"
version = "0.1.0"

[[package]]
name = "remove-element"
version = "0.1.0"

[[package]]
name = "reverse_words_in_a_string"
version = "0.1.0"

[[package]]
name = "rotate-array"
version = "0.1.0"

[[package]]
name = "text-justification"
version = "0.1.0"

[[package]]
name = "trapping-rain-water"
version = "0.1.0"

[[package]]
name = "two-sum-ii"
version = "0.1.0"

[[package]]
name = "valid_palindrome"
version = "0.1.0"

[[package]]
name = "zigzag_conversion"
version = "0.1.0"
